
Microsoft Visual Studio Solution File, Format Version 12.00
# Visual Studio Version 16
VisualStudioVersion = 16.0.34601.136
MinimumVisualStudioVersion = 10.0.40219.1
Project("{F184B08F-C81C-45F6-A57F-5ABD9991F28F}") = "tp4_NicoRead", "tp4_NicoRead\tp4_NicoRead.vbproj", "{5F900B26-FEF5-41FC-94D7-81A1A2FF924C}"
EndProject
Global
	GlobalSection(SolutionConfigurationPlatforms) = preSolution
		Debug|Any CPU = Debug|Any CPU
		Release|Any CPU = Release|Any CPU
	EndGlobalSection
	GlobalSection(ProjectConfigurationPlatforms) = postSolution
		{5F900B26-FEF5-41FC-94D7-81A1A2FF924C}.Debug|Any CPU.ActiveCfg = Debug|Any CPU
		{5F900B26-FEF5-41FC-94D7-81A1A2FF924C}.Debug|Any CPU.Build.0 = Debug|Any CPU
		{5F900B26-FEF5-41FC-94D7-81A1A2FF924C}.Release|Any CPU.ActiveCfg = Release|Any CPU
		{5F900B26-FEF5-41FC-94D7-81A1A2FF924C}.Release|Any CPU.Build.0 = Release|Any CPU
	EndGlobalSection
	GlobalSection(SolutionProperties) = preSolution
		HideSolutionNode = FALSE
	EndGlobalSection
	GlobalSection(ExtensibilityGlobals) = postSolution
		SolutionGuid = {16F77E49-0430-4529-892C-1C581BE5388B}
	EndGlobalSection
EndGlobal
